
Microsoft Visual Studio Solution File, Format Version 12.00
# Visual Studio 15
VisualStudioVersion = 15.0.28307.539
MinimumVisualStudioVersion = 10.0.40219.1
Project("{FAE04EC0-301F-11D3-BF4B-00C04F79EFBC}") = "HelloService", "HelloService\HelloService.csproj", "{B1BE46B9-A992-4805-9B01-970CF7482D08}"
EndProject
Project("{FAE04EC0-301F-11D3-BF4B-00C04F79EFBC}") = "HelloServiceHost", "HelloServiceHost\HelloServiceHost.csproj", "{85D3DD99-5B3C-403A-BBC3-4A99EF5580EC}"
EndProject
Global
	GlobalSection(SolutionConfigurationPlatforms) = preSolution
		Debug|Any CPU = Debug|Any CPU
		Release|Any CPU = Release|Any CPU
	EndGlobalSection
	GlobalSection(ProjectConfigurationPlatforms) = postSolution
		{B1BE46B9-A992-4805-9B01-970CF7482D08}.Debug|Any CPU.ActiveCfg = Debug|Any CPU
		{B1BE46B9-A992-4805-9B01-970CF7482D08}.Debug|Any CPU.Build.0 = Debug|Any CPU
		{B1BE46B9-A992-4805-9B01-970CF7482D08}.Release|Any CPU.ActiveCfg = Release|Any CPU
		{B1BE46B9-A992-4805-9B01-970CF7482D08}.Release|Any CPU.Build.0 = Release|Any CPU
		{85D3DD99-5B3C-403A-BBC3-4A99EF5580EC}.Debug|Any CPU.ActiveCfg = Debug|Any CPU
		{85D3DD99-5B3C-403A-BBC3-4A99EF5580EC}.Debug|Any CPU.Build.0 = Debug|Any CPU
		{85D3DD99-5B3C-403A-BBC3-4A99EF5580EC}.Release|Any CPU.ActiveCfg = Release|Any CPU
		{85D3DD99-5B3C-403A-BBC3-4A99EF5580EC}.Release|Any CPU.Build.0 = Release|Any CPU
	EndGlobalSection
	GlobalSection(SolutionProperties) = preSolution
		HideSolutionNode = FALSE
	EndGlobalSection
	GlobalSection(ExtensibilityGlobals) = postSolution
		SolutionGuid = {1BE23894-6156-47AA-8255-91D04411CEA1}
	EndGlobalSection
EndGlobal
