
Microsoft Visual Studio Solution File, Format Version 11.00
# Visual Studio 2010
Project("{FAE04EC0-301F-11D3-BF4B-00C04F79EFBC}") = "DSTVListener", "DSTVListener\DSTVListener.csproj", "{A020E44D-626D-4188-AE8C-E360175FC2B7}"
EndProject
Project("{FAE04EC0-301F-11D3-BF4B-00C04F79EFBC}") = "LiveDstvListenerService", "LiveDstvListenerService\LiveDstvListenerService.csproj", "{6DE7AD22-2093-4D4E-A90B-A48F2C3011DA}"
EndProject
Project("{FAE04EC0-301F-11D3-BF4B-00C04F79EFBC}") = "Tester", "Tester\Tester.csproj", "{6D68D678-AB4D-48CC-BC1A-1BB8B1533A81}"
EndProject
Global
	GlobalSection(SolutionConfigurationPlatforms) = preSolution
		Debug|Any CPU = Debug|Any CPU
		Release|Any CPU = Release|Any CPU
	EndGlobalSection
	GlobalSection(ProjectConfigurationPlatforms) = postSolution
		{A020E44D-626D-4188-AE8C-E360175FC2B7}.Debug|Any CPU.ActiveCfg = Debug|Any CPU
		{A020E44D-626D-4188-AE8C-E360175FC2B7}.Debug|Any CPU.Build.0 = Debug|Any CPU
		{A020E44D-626D-4188-AE8C-E360175FC2B7}.Release|Any CPU.ActiveCfg = Release|Any CPU
		{A020E44D-626D-4188-AE8C-E360175FC2B7}.Release|Any CPU.Build.0 = Release|Any CPU
		{6DE7AD22-2093-4D4E-A90B-A48F2C3011DA}.Debug|Any CPU.ActiveCfg = Debug|Any CPU
		{6DE7AD22-2093-4D4E-A90B-A48F2C3011DA}.Debug|Any CPU.Build.0 = Debug|Any CPU
		{6DE7AD22-2093-4D4E-A90B-A48F2C3011DA}.Release|Any CPU.ActiveCfg = Release|Any CPU
		{6DE7AD22-2093-4D4E-A90B-A48F2C3011DA}.Release|Any CPU.Build.0 = Release|Any CPU
		{6D68D678-AB4D-48CC-BC1A-1BB8B1533A81}.Debug|Any CPU.ActiveCfg = Debug|Any CPU
		{6D68D678-AB4D-48CC-BC1A-1BB8B1533A81}.Debug|Any CPU.Build.0 = Debug|Any CPU
		{6D68D678-AB4D-48CC-BC1A-1BB8B1533A81}.Release|Any CPU.ActiveCfg = Release|Any CPU
		{6D68D678-AB4D-48CC-BC1A-1BB8B1533A81}.Release|Any CPU.Build.0 = Release|Any CPU
	EndGlobalSection
	GlobalSection(SolutionProperties) = preSolution
		HideSolutionNode = FALSE
	EndGlobalSection
EndGlobal
