
Microsoft Visual Studio Solution File, Format Version 12.00
# Visual Studio 14
VisualStudioVersion = 14.0.25420.1
MinimumVisualStudioVersion = 10.0.40219.1
Project("{E24C65DC-7377-472B-9ABA-BC803B73C61A}") = "Level1Api", ".", "{17BCF912-5CA6-464F-BD0B-9CC98FD643C8}"
	ProjectSection(WebsiteProperties) = preProject
		TargetFrameworkMoniker = ".NETFramework,Version%3Dv2.0"
		ProjectReferences = "{402E0B38-0D1A-4FB6-859F-BC09C3980A22}|PegPayUtilityApi.dll;"
		Debug.AspNetCompiler.VirtualPath = "/Level1Api"
		Debug.AspNetCompiler.PhysicalPath = "..\Level1Api\"
		Debug.AspNetCompiler.TargetPath = "PrecompiledWeb\Level1Api\"
		Debug.AspNetCompiler.Updateable = "true"
		Debug.AspNetCompiler.ForceOverwrite = "true"
		Debug.AspNetCompiler.FixedNames = "false"
		Debug.AspNetCompiler.Debug = "True"
		Release.AspNetCompiler.VirtualPath = "/Level1Api"
		Release.AspNetCompiler.PhysicalPath = "..\Level1Api\"
		Release.AspNetCompiler.TargetPath = "PrecompiledWeb\Level1Api\"
		Release.AspNetCompiler.Updateable = "true"
		Release.AspNetCompiler.ForceOverwrite = "true"
		Release.AspNetCompiler.FixedNames = "false"
		Release.AspNetCompiler.Debug = "False"
		VWDPort = "38033"
		SlnRelativePath = "..\Level1Api\"
	EndProjectSection
EndProject
Project("{FAE04EC0-301F-11D3-BF4B-00C04F79EFBC}") = "PegPayUtilityApi", "PegPayRef\PegPayUtilityApi\PegPayUtilityApi.csproj", "{402E0B38-0D1A-4FB6-859F-BC09C3980A22}"
EndProject
Global
	GlobalSection(SolutionConfigurationPlatforms) = preSolution
		Debug|.NET = Debug|.NET
		Debug|Any CPU = Debug|Any CPU
		Debug|Mixed Platforms = Debug|Mixed Platforms
		Release|.NET = Release|.NET
		Release|Any CPU = Release|Any CPU
		Release|Mixed Platforms = Release|Mixed Platforms
	EndGlobalSection
	GlobalSection(ProjectConfigurationPlatforms) = postSolution
		{17BCF912-5CA6-464F-BD0B-9CC98FD643C8}.Debug|.NET.ActiveCfg = Debug|Any CPU
		{17BCF912-5CA6-464F-BD0B-9CC98FD643C8}.Debug|.NET.Build.0 = Debug|Any CPU
		{17BCF912-5CA6-464F-BD0B-9CC98FD643C8}.Debug|Any CPU.ActiveCfg = Debug|Any CPU
		{17BCF912-5CA6-464F-BD0B-9CC98FD643C8}.Debug|Any CPU.Build.0 = Debug|Any CPU
		{17BCF912-5CA6-464F-BD0B-9CC98FD643C8}.Debug|Mixed Platforms.ActiveCfg = Debug|Any CPU
		{17BCF912-5CA6-464F-BD0B-9CC98FD643C8}.Debug|Mixed Platforms.Build.0 = Debug|Any CPU
		{17BCF912-5CA6-464F-BD0B-9CC98FD643C8}.Release|.NET.ActiveCfg = Debug|Any CPU
		{17BCF912-5CA6-464F-BD0B-9CC98FD643C8}.Release|.NET.Build.0 = Debug|Any CPU
		{17BCF912-5CA6-464F-BD0B-9CC98FD643C8}.Release|Any CPU.ActiveCfg = Debug|Any CPU
		{17BCF912-5CA6-464F-BD0B-9CC98FD643C8}.Release|Any CPU.Build.0 = Debug|Any CPU
		{17BCF912-5CA6-464F-BD0B-9CC98FD643C8}.Release|Mixed Platforms.ActiveCfg = Debug|Any CPU
		{17BCF912-5CA6-464F-BD0B-9CC98FD643C8}.Release|Mixed Platforms.Build.0 = Debug|Any CPU
		{402E0B38-0D1A-4FB6-859F-BC09C3980A22}.Debug|.NET.ActiveCfg = Debug|Any CPU
		{402E0B38-0D1A-4FB6-859F-BC09C3980A22}.Debug|Any CPU.ActiveCfg = Debug|Any CPU
		{402E0B38-0D1A-4FB6-859F-BC09C3980A22}.Debug|Any CPU.Build.0 = Debug|Any CPU
		{402E0B38-0D1A-4FB6-859F-BC09C3980A22}.Debug|Mixed Platforms.ActiveCfg = Debug|Any CPU
		{402E0B38-0D1A-4FB6-859F-BC09C3980A22}.Debug|Mixed Platforms.Build.0 = Debug|Any CPU
		{402E0B38-0D1A-4FB6-859F-BC09C3980A22}.Release|.NET.ActiveCfg = Release|Any CPU
		{402E0B38-0D1A-4FB6-859F-BC09C3980A22}.Release|Any CPU.ActiveCfg = Release|Any CPU
		{402E0B38-0D1A-4FB6-859F-BC09C3980A22}.Release|Any CPU.Build.0 = Release|Any CPU
		{402E0B38-0D1A-4FB6-859F-BC09C3980A22}.Release|Mixed Platforms.ActiveCfg = Release|Any CPU
		{402E0B38-0D1A-4FB6-859F-BC09C3980A22}.Release|Mixed Platforms.Build.0 = Release|Any CPU
	EndGlobalSection
	GlobalSection(SolutionProperties) = preSolution
		HideSolutionNode = FALSE
	EndGlobalSection
EndGlobal
