
Microsoft Visual Studio Solution File, Format Version 12.00
# Visual Studio 14
VisualStudioVersion = 14.0.25420.1
MinimumVisualStudioVersion = 10.0.40219.1
Project("{FAE04EC0-301F-11D3-BF4B-00C04F79EFBC}") = "MerchantListener", "MerchantListener\MerchantListener.csproj", "{3CC27D6A-A1C4-4159-8C37-67685BD0DAAD}"
EndProject
Project("{FAE04EC0-301F-11D3-BF4B-00C04F79EFBC}") = "MerchantListenerService", "MerchantListenerService\MerchantListenerService.csproj", "{B4E56AC4-3054-4C28-A5F2-7E7432D2D333}"
EndProject
Project("{FAE04EC0-301F-11D3-BF4B-00C04F79EFBC}") = "MerchantListenerLibrary", "MerchantListenerLibrary\MerchantListenerLibrary.csproj", "{D1911B06-9E9F-4C5C-8992-795B2C7031AB}"
EndProject
Global
	GlobalSection(SolutionConfigurationPlatforms) = preSolution
		Debug|Any CPU = Debug|Any CPU
		Release|Any CPU = Release|Any CPU
	EndGlobalSection
	GlobalSection(ProjectConfigurationPlatforms) = postSolution
		{3CC27D6A-A1C4-4159-8C37-67685BD0DAAD}.Debug|Any CPU.ActiveCfg = Debug|Any CPU
		{3CC27D6A-A1C4-4159-8C37-67685BD0DAAD}.Debug|Any CPU.Build.0 = Debug|Any CPU
		{3CC27D6A-A1C4-4159-8C37-67685BD0DAAD}.Release|Any CPU.ActiveCfg = Release|Any CPU
		{3CC27D6A-A1C4-4159-8C37-67685BD0DAAD}.Release|Any CPU.Build.0 = Release|Any CPU
		{B4E56AC4-3054-4C28-A5F2-7E7432D2D333}.Debug|Any CPU.ActiveCfg = Debug|Any CPU
		{B4E56AC4-3054-4C28-A5F2-7E7432D2D333}.Debug|Any CPU.Build.0 = Debug|Any CPU
		{B4E56AC4-3054-4C28-A5F2-7E7432D2D333}.Release|Any CPU.ActiveCfg = Release|Any CPU
		{B4E56AC4-3054-4C28-A5F2-7E7432D2D333}.Release|Any CPU.Build.0 = Release|Any CPU
		{D1911B06-9E9F-4C5C-8992-795B2C7031AB}.Debug|Any CPU.ActiveCfg = Debug|Any CPU
		{D1911B06-9E9F-4C5C-8992-795B2C7031AB}.Debug|Any CPU.Build.0 = Debug|Any CPU
		{D1911B06-9E9F-4C5C-8992-795B2C7031AB}.Release|Any CPU.ActiveCfg = Release|Any CPU
		{D1911B06-9E9F-4C5C-8992-795B2C7031AB}.Release|Any CPU.Build.0 = Release|Any CPU
	EndGlobalSection
	GlobalSection(SolutionProperties) = preSolution
		HideSolutionNode = FALSE
	EndGlobalSection
EndGlobal
