
Microsoft Visual Studio Solution File, Format Version 12.00
# Visual Studio 14
VisualStudioVersion = 14.0.25420.1
MinimumVisualStudioVersion = 10.0.40219.1
Project("{FAE04EC0-301F-11D3-BF4B-00C04F79EFBC}") = "LiveVasUtilitySender", "LiveVasUtilitySender\LiveVasUtilitySender.csproj", "{D639D36F-5303-4840-8C83-E5D473A8BE5A}"
EndProject
Project("{FAE04EC0-301F-11D3-BF4B-00C04F79EFBC}") = "LiveVasUtilitySenderLibrary", "LiveVasUtilitySenderLibrary\LiveVasUtilitySenderLibrary.csproj", "{61B475E1-CB4A-4846-A48F-1B0F043D5CDE}"
EndProject
Project("{FAE04EC0-301F-11D3-BF4B-00C04F79EFBC}") = "LiveKCBVasUtilitySender", "LiveKCBVasUtilitySender\LiveKCBVasUtilitySender.csproj", "{B03E0942-8A82-4EF1-AC69-24F5581158C7}"
EndProject
Global
	GlobalSection(SolutionConfigurationPlatforms) = preSolution
		Debug|Any CPU = Debug|Any CPU
		Release|Any CPU = Release|Any CPU
	EndGlobalSection
	GlobalSection(ProjectConfigurationPlatforms) = postSolution
		{D639D36F-5303-4840-8C83-E5D473A8BE5A}.Debug|Any CPU.ActiveCfg = Debug|Any CPU
		{D639D36F-5303-4840-8C83-E5D473A8BE5A}.Debug|Any CPU.Build.0 = Debug|Any CPU
		{D639D36F-5303-4840-8C83-E5D473A8BE5A}.Release|Any CPU.ActiveCfg = Release|Any CPU
		{D639D36F-5303-4840-8C83-E5D473A8BE5A}.Release|Any CPU.Build.0 = Release|Any CPU
		{61B475E1-CB4A-4846-A48F-1B0F043D5CDE}.Debug|Any CPU.ActiveCfg = Debug|Any CPU
		{61B475E1-CB4A-4846-A48F-1B0F043D5CDE}.Debug|Any CPU.Build.0 = Debug|Any CPU
		{61B475E1-CB4A-4846-A48F-1B0F043D5CDE}.Release|Any CPU.ActiveCfg = Release|Any CPU
		{61B475E1-CB4A-4846-A48F-1B0F043D5CDE}.Release|Any CPU.Build.0 = Release|Any CPU
		{B03E0942-8A82-4EF1-AC69-24F5581158C7}.Debug|Any CPU.ActiveCfg = Debug|Any CPU
		{B03E0942-8A82-4EF1-AC69-24F5581158C7}.Debug|Any CPU.Build.0 = Debug|Any CPU
		{B03E0942-8A82-4EF1-AC69-24F5581158C7}.Release|Any CPU.ActiveCfg = Release|Any CPU
		{B03E0942-8A82-4EF1-AC69-24F5581158C7}.Release|Any CPU.Build.0 = Release|Any CPU
	EndGlobalSection
	GlobalSection(SolutionProperties) = preSolution
		HideSolutionNode = FALSE
	EndGlobalSection
	GlobalSection(ExtensibilityGlobals) = postSolution
		SolutionGuid = {B7C9ABA6-5E39-4540-A2A6-B5097AA4CD8E}
	EndGlobalSection
EndGlobal
