
Microsoft Visual Studio Solution File, Format Version 12.00
# Visual Studio 15
VisualStudioVersion = 15.0.28307.539
MinimumVisualStudioVersion = 10.0.40219.1
Project("{FAE04EC0-301F-11D3-BF4B-00C04F79EFBC}") = "WebApplication1", "WebApplication1\WebApplication1.csproj", "{281E143F-ED98-46C5-826D-A1CDBF2C5F59}"
EndProject
Project("{FAE04EC0-301F-11D3-BF4B-00C04F79EFBC}") = "WindowsFormsApp1", "WindowsFormsApp1\WindowsFormsApp1.csproj", "{D6B253BA-9D2B-4CA3-8ACF-452EA69B896B}"
	ProjectSection(ProjectDependencies) = postProject
		{281E143F-ED98-46C5-826D-A1CDBF2C5F59} = {281E143F-ED98-46C5-826D-A1CDBF2C5F59}
	EndProjectSection
EndProject
Global
	GlobalSection(SolutionConfigurationPlatforms) = preSolution
		Debug|Any CPU = Debug|Any CPU
		Release|Any CPU = Release|Any CPU
	EndGlobalSection
	GlobalSection(ProjectConfigurationPlatforms) = postSolution
		{281E143F-ED98-46C5-826D-A1CDBF2C5F59}.Debug|Any CPU.ActiveCfg = Debug|Any CPU
		{281E143F-ED98-46C5-826D-A1CDBF2C5F59}.Debug|Any CPU.Build.0 = Debug|Any CPU
		{281E143F-ED98-46C5-826D-A1CDBF2C5F59}.Release|Any CPU.ActiveCfg = Release|Any CPU
		{281E143F-ED98-46C5-826D-A1CDBF2C5F59}.Release|Any CPU.Build.0 = Release|Any CPU
		{D6B253BA-9D2B-4CA3-8ACF-452EA69B896B}.Debug|Any CPU.ActiveCfg = Debug|Any CPU
		{D6B253BA-9D2B-4CA3-8ACF-452EA69B896B}.Debug|Any CPU.Build.0 = Debug|Any CPU
		{D6B253BA-9D2B-4CA3-8ACF-452EA69B896B}.Release|Any CPU.ActiveCfg = Release|Any CPU
		{D6B253BA-9D2B-4CA3-8ACF-452EA69B896B}.Release|Any CPU.Build.0 = Release|Any CPU
	EndGlobalSection
	GlobalSection(SolutionProperties) = preSolution
		HideSolutionNode = FALSE
	EndGlobalSection
	GlobalSection(ExtensibilityGlobals) = postSolution
		SolutionGuid = {EBF4B730-3CAD-4D8D-ABB7-4A2493F7203D}
	EndGlobalSection
EndGlobal
